
Microsoft Visual Studio Solution File, Format Version 12.00
# Visual Studio Version 16
VisualStudioVersion = 16.0.30225.117
MinimumVisualStudioVersion = 10.0.40219.1
Project("{2150E333-8FDC-42A3-9474-1A3956D46DE8}") = "src", "src", "{3AF92032-CD9E-40DF-A3D1-D87EC466471B}"
EndProject
Project("{2150E333-8FDC-42A3-9474-1A3956D46DE8}") = "Catalog", "Catalog", "{22AD8661-69FD-47FA-8D7A-8B811762A714}"
EndProject
Project("{9A19103F-16F7-4668-BE54-9A1E7A4F7556}") = "Catalog.API", "src\Catalog\Catalog.API\Catalog.API.csproj", "{0DBD8105-AA11-41EE-A6A1-ADF52365EEBF}"
EndProject
Project("{E53339B2-1760-4266-BCC7-CA923CBCF16C}") = "docker-compose", "docker-compose.dcproj", "{759371FE-1AA3-491A-86B8-44AF894CF42F}"
EndProject
Project("{2150E333-8FDC-42A3-9474-1A3956D46DE8}") = "Basket", "Basket", "{432E553C-AD0F-4ED1-9F21-7398B20094A3}"
EndProject
Project("{9A19103F-16F7-4668-BE54-9A1E7A4F7556}") = "Basket.API", "src\Basket\Basket.API\Basket.API.csproj", "{6C9B89E6-D122-4173-BA97-3F500B591624}"
EndProject
Project("{2150E333-8FDC-42A3-9474-1A3956D46DE8}") = "Common", "Common", "{45B29F75-318B-46CA-A6D4-0E5560E92B69}"
EndProject
Project("{9A19103F-16F7-4668-BE54-9A1E7A4F7556}") = "EventBusRabbitMQ", "src\Common\EventBusRabbitMQ\EventBusRabbitMQ.csproj", "{209AEC79-7AC2-48BC-B8A0-5C6153B48C27}"
EndProject
Project("{2150E333-8FDC-42A3-9474-1A3956D46DE8}") = "Ordering", "Ordering", "{D8D0A928-9C15-4F6C-8145-59C122D005AD}"
EndProject
Project("{9A19103F-16F7-4668-BE54-9A1E7A4F7556}") = "Ordering.API", "src\Ordering\Ordering.API\Ordering.API.csproj", "{89E3B90D-6B28-4E1F-A82E-4531F2A67A1E}"
EndProject
Project("{9A19103F-16F7-4668-BE54-9A1E7A4F7556}") = "Ordering.Core", "src\Ordering\Ordering.Core\Ordering.Core.csproj", "{F6757758-9252-4F8A-B20A-2C060FBE9A91}"
EndProject
Project("{9A19103F-16F7-4668-BE54-9A1E7A4F7556}") = "Ordering.Infrastructure", "src\Ordering\Ordering.Infrastructure\Ordering.Infrastructure.csproj", "{A9D7C5C2-5254-4B73-9A06-AA4F7AA7883D}"
EndProject
Project("{9A19103F-16F7-4668-BE54-9A1E7A4F7556}") = "Ordering.Application", "src\Ordering\Ordering.Application\Ordering.Application.csproj", "{C8EC39A8-6138-4C79-AB2F-87A75263D44F}"
EndProject
Project("{2150E333-8FDC-42A3-9474-1A3956D46DE8}") = "ApiGateway", "ApiGateway", "{4B0B50EA-1EA1-42D1-A5A8-09D8EFDEF5C4}"
EndProject
Project("{9A19103F-16F7-4668-BE54-9A1E7A4F7556}") = "OcelotAPIGateway", "src\ApiGateway\OcelotAPIGateway\OcelotAPIGateway.csproj", "{825DA633-B80C-4F6D-938C-5D526B500912}"
EndProject
Project("{2150E333-8FDC-42A3-9474-1A3956D46DE8}") = "WebApp", "WebApp", "{3081F353-4F0E-4DA6-A16C-63905C29BB01}"
EndProject
Project("{9A19103F-16F7-4668-BE54-9A1E7A4F7556}") = "AspnetRunBasics", "src\WebApp\AspnetRunBasics\AspnetRunBasics.csproj", "{2125B776-F4A4-4A8C-AFE9-CE9CFAF808ED}"
EndProject
Global
	GlobalSection(SolutionConfigurationPlatforms) = preSolution
		Debug|Any CPU = Debug|Any CPU
		Release|Any CPU = Release|Any CPU
	EndGlobalSection
	GlobalSection(ProjectConfigurationPlatforms) = postSolution
		{0DBD8105-AA11-41EE-A6A1-ADF52365EEBF}.Debug|Any CPU.ActiveCfg = Debug|Any CPU
		{0DBD8105-AA11-41EE-A6A1-ADF52365EEBF}.Debug|Any CPU.Build.0 = Debug|Any CPU
		{0DBD8105-AA11-41EE-A6A1-ADF52365EEBF}.Release|Any CPU.ActiveCfg = Release|Any CPU
		{0DBD8105-AA11-41EE-A6A1-ADF52365EEBF}.Release|Any CPU.Build.0 = Release|Any CPU
		{759371FE-1AA3-491A-86B8-44AF894CF42F}.Debug|Any CPU.ActiveCfg = Debug|Any CPU
		{759371FE-1AA3-491A-86B8-44AF894CF42F}.Debug|Any CPU.Build.0 = Debug|Any CPU
		{759371FE-1AA3-491A-86B8-44AF894CF42F}.Release|Any CPU.ActiveCfg = Release|Any CPU
		{759371FE-1AA3-491A-86B8-44AF894CF42F}.Release|Any CPU.Build.0 = Release|Any CPU
		{6C9B89E6-D122-4173-BA97-3F500B591624}.Debug|Any CPU.ActiveCfg = Debug|Any CPU
		{6C9B89E6-D122-4173-BA97-3F500B591624}.Debug|Any CPU.Build.0 = Debug|Any CPU
		{6C9B89E6-D122-4173-BA97-3F500B591624}.Release|Any CPU.ActiveCfg = Release|Any CPU
		{6C9B89E6-D122-4173-BA97-3F500B591624}.Release|Any CPU.Build.0 = Release|Any CPU
		{209AEC79-7AC2-48BC-B8A0-5C6153B48C27}.Debug|Any CPU.ActiveCfg = Debug|Any CPU
		{209AEC79-7AC2-48BC-B8A0-5C6153B48C27}.Debug|Any CPU.Build.0 = Debug|Any CPU
		{209AEC79-7AC2-48BC-B8A0-5C6153B48C27}.Release|Any CPU.ActiveCfg = Release|Any CPU
		{209AEC79-7AC2-48BC-B8A0-5C6153B48C27}.Release|Any CPU.Build.0 = Release|Any CPU
		{89E3B90D-6B28-4E1F-A82E-4531F2A67A1E}.Debug|Any CPU.ActiveCfg = Debug|Any CPU
		{89E3B90D-6B28-4E1F-A82E-4531F2A67A1E}.Debug|Any CPU.Build.0 = Debug|Any CPU
		{89E3B90D-6B28-4E1F-A82E-4531F2A67A1E}.Release|Any CPU.ActiveCfg = Release|Any CPU
		{89E3B90D-6B28-4E1F-A82E-4531F2A67A1E}.Release|Any CPU.Build.0 = Release|Any CPU
		{F6757758-9252-4F8A-B20A-2C060FBE9A91}.Debug|Any CPU.ActiveCfg = Debug|Any CPU
		{F6757758-9252-4F8A-B20A-2C060FBE9A91}.Debug|Any CPU.Build.0 = Debug|Any CPU
		{F6757758-9252-4F8A-B20A-2C060FBE9A91}.Release|Any CPU.ActiveCfg = Release|Any CPU
		{F6757758-9252-4F8A-B20A-2C060FBE9A91}.Release|Any CPU.Build.0 = Release|Any CPU
		{A9D7C5C2-5254-4B73-9A06-AA4F7AA7883D}.Debug|Any CPU.ActiveCfg = Debug|Any CPU
		{A9D7C5C2-5254-4B73-9A06-AA4F7AA7883D}.Debug|Any CPU.Build.0 = Debug|Any CPU
		{A9D7C5C2-5254-4B73-9A06-AA4F7AA7883D}.Release|Any CPU.ActiveCfg = Release|Any CPU
		{A9D7C5C2-5254-4B73-9A06-AA4F7AA7883D}.Release|Any CPU.Build.0 = Release|Any CPU
		{C8EC39A8-6138-4C79-AB2F-87A75263D44F}.Debug|Any CPU.ActiveCfg = Debug|Any CPU
		{C8EC39A8-6138-4C79-AB2F-87A75263D44F}.Debug|Any CPU.Build.0 = Debug|Any CPU
		{C8EC39A8-6138-4C79-AB2F-87A75263D44F}.Release|Any CPU.ActiveCfg = Release|Any CPU
		{C8EC39A8-6138-4C79-AB2F-87A75263D44F}.Release|Any CPU.Build.0 = Release|Any CPU
		{825DA633-B80C-4F6D-938C-5D526B500912}.Debug|Any CPU.ActiveCfg = Debug|Any CPU
		{825DA633-B80C-4F6D-938C-5D526B500912}.Debug|Any CPU.Build.0 = Debug|Any CPU
		{825DA633-B80C-4F6D-938C-5D526B500912}.Release|Any CPU.ActiveCfg = Release|Any CPU
		{825DA633-B80C-4F6D-938C-5D526B500912}.Release|Any CPU.Build.0 = Release|Any CPU
		{2125B776-F4A4-4A8C-AFE9-CE9CFAF808ED}.Debug|Any CPU.ActiveCfg = Debug|Any CPU
		{2125B776-F4A4-4A8C-AFE9-CE9CFAF808ED}.Debug|Any CPU.Build.0 = Debug|Any CPU
		{2125B776-F4A4-4A8C-AFE9-CE9CFAF808ED}.Release|Any CPU.ActiveCfg = Release|Any CPU
		{2125B776-F4A4-4A8C-AFE9-CE9CFAF808ED}.Release|Any CPU.Build.0 = Release|Any CPU
	EndGlobalSection
	GlobalSection(SolutionProperties) = preSolution
		HideSolutionNode = FALSE
	EndGlobalSection
	GlobalSection(NestedProjects) = preSolution
		{22AD8661-69FD-47FA-8D7A-8B811762A714} = {3AF92032-CD9E-40DF-A3D1-D87EC466471B}
		{0DBD8105-AA11-41EE-A6A1-ADF52365EEBF} = {22AD8661-69FD-47FA-8D7A-8B811762A714}
		{432E553C-AD0F-4ED1-9F21-7398B20094A3} = {3AF92032-CD9E-40DF-A3D1-D87EC466471B}
		{6C9B89E6-D122-4173-BA97-3F500B591624} = {432E553C-AD0F-4ED1-9F21-7398B20094A3}
		{45B29F75-318B-46CA-A6D4-0E5560E92B69} = {3AF92032-CD9E-40DF-A3D1-D87EC466471B}
		{209AEC79-7AC2-48BC-B8A0-5C6153B48C27} = {45B29F75-318B-46CA-A6D4-0E5560E92B69}
		{D8D0A928-9C15-4F6C-8145-59C122D005AD} = {3AF92032-CD9E-40DF-A3D1-D87EC466471B}
		{89E3B90D-6B28-4E1F-A82E-4531F2A67A1E} = {D8D0A928-9C15-4F6C-8145-59C122D005AD}
		{F6757758-9252-4F8A-B20A-2C060FBE9A91} = {D8D0A928-9C15-4F6C-8145-59C122D005AD}
		{A9D7C5C2-5254-4B73-9A06-AA4F7AA7883D} = {D8D0A928-9C15-4F6C-8145-59C122D005AD}
		{C8EC39A8-6138-4C79-AB2F-87A75263D44F} = {D8D0A928-9C15-4F6C-8145-59C122D005AD}
		{4B0B50EA-1EA1-42D1-A5A8-09D8EFDEF5C4} = {3AF92032-CD9E-40DF-A3D1-D87EC466471B}
		{825DA633-B80C-4F6D-938C-5D526B500912} = {4B0B50EA-1EA1-42D1-A5A8-09D8EFDEF5C4}
		{3081F353-4F0E-4DA6-A16C-63905C29BB01} = {3AF92032-CD9E-40DF-A3D1-D87EC466471B}
		{2125B776-F4A4-4A8C-AFE9-CE9CFAF808ED} = {3081F353-4F0E-4DA6-A16C-63905C29BB01}
	EndGlobalSection
	GlobalSection(ExtensibilityGlobals) = postSolution
		SolutionGuid = {74625C7F-9C0D-46FC-9203-8A1E1A54CD95}
	EndGlobalSection
EndGlobal
